// !$*UTF8*$!
{
	archiveVersion = 1;
	classes = {
	};
	objectVersion = 55;
	objects = {

/* Begin PBXBuildFile section */
		C6B55598B98FCC5DFAF7931F /* Pods_MovieDB_Viper_MovieDB_Viper.framework in Frameworks */ = {isa = PBXBuildFile; fileRef = AC8B106FA16D6FE5E8179D83 /* Pods_MovieDB_Viper_MovieDB_Viper.framework */; };
		EA484133290F6827002DB416 /* AppDelegate.swift in Sources */ = {isa = PBXBuildFile; fileRef = EA484132290F6827002DB416 /* AppDelegate.swift */; };
		EA484135290F6827002DB416 /* SceneDelegate.swift in Sources */ = {isa = PBXBuildFile; fileRef = EA484134290F6827002DB416 /* SceneDelegate.swift */; };
		EA48413C290F6829002DB416 /* Assets.xcassets in Resources */ = {isa = PBXBuildFile; fileRef = EA48413B290F6829002DB416 /* Assets.xcassets */; };
		EA48413F290F6829002DB416 /* LaunchScreen.storyboard in Resources */ = {isa = PBXBuildFile; fileRef = EA48413D290F6829002DB416 /* LaunchScreen.storyboard */; };
		EA48416F290F6A2D002DB416 /* Components.framework in Frameworks */ = {isa = PBXBuildFile; fileRef = EA48416E290F6A2D002DB416 /* Components.framework */; };
		EA484170290F6A2D002DB416 /* Components.framework in Embed Frameworks */ = {isa = PBXBuildFile; fileRef = EA48416E290F6A2D002DB416 /* Components.framework */; settings = {ATTRIBUTES = (CodeSignOnCopy, RemoveHeadersOnCopy, ); }; };
		EA484173290F6A30002DB416 /* Router.framework in Frameworks */ = {isa = PBXBuildFile; fileRef = EA484172290F6A30002DB416 /* Router.framework */; };
		EA484174290F6A30002DB416 /* Router.framework in Embed Frameworks */ = {isa = PBXBuildFile; fileRef = EA484172290F6A30002DB416 /* Router.framework */; settings = {ATTRIBUTES = (CodeSignOnCopy, RemoveHeadersOnCopy, ); }; };
		EA4841C2290F6C98002DB416 /* Home.framework in Frameworks */ = {isa = PBXBuildFile; fileRef = EA4841C1290F6C98002DB416 /* Home.framework */; };
		EA4841C3290F6C98002DB416 /* Home.framework in Embed Frameworks */ = {isa = PBXBuildFile; fileRef = EA4841C1290F6C98002DB416 /* Home.framework */; settings = {ATTRIBUTES = (CodeSignOnCopy, RemoveHeadersOnCopy, ); }; };
		EA4841C7290F6D05002DB416 /* UITabBarController.swift in Sources */ = {isa = PBXBuildFile; fileRef = EA4841C6290F6D05002DB416 /* UITabBarController.swift */; };
		EA4841CA290F6D37002DB416 /* SceneDelegateExtension.swift in Sources */ = {isa = PBXBuildFile; fileRef = EA4841C9290F6D37002DB416 /* SceneDelegateExtension.swift */; };
		EA4841D2290F6E9D002DB416 /* Home.framework in Frameworks */ = {isa = PBXBuildFile; fileRef = EA4841D1290F6E9D002DB416 /* Home.framework */; };
		EA4841D3290F6E9D002DB416 /* Home.framework in Embed Frameworks */ = {isa = PBXBuildFile; fileRef = EA4841D1290F6E9D002DB416 /* Home.framework */; settings = {ATTRIBUTES = (CodeSignOnCopy, RemoveHeadersOnCopy, ); }; };
/* End PBXBuildFile section */

/* Begin PBXCopyFilesBuildPhase section */
		EA484171290F6A2D002DB416 /* Embed Frameworks */ = {
			isa = PBXCopyFilesBuildPhase;
			buildActionMask = 2147483647;
			dstPath = "";
			dstSubfolderSpec = 10;
			files = (
				EA484170290F6A2D002DB416 /* Components.framework in Embed Frameworks */,
				EA484174290F6A30002DB416 /* Router.framework in Embed Frameworks */,
				EA4841C3290F6C98002DB416 /* Home.framework in Embed Frameworks */,
				EA4841D3290F6E9D002DB416 /* Home.framework in Embed Frameworks */,
			);
			name = "Embed Frameworks";
			runOnlyForDeploymentPostprocessing = 0;
		};
/* End PBXCopyFilesBuildPhase section */

/* Begin PBXFileReference section */
		1F191B12CF245B12EA24831A /* Pods-MovieDB-Viper.release.xcconfig */ = {isa = PBXFileReference; includeInIndex = 1; lastKnownFileType = text.xcconfig; name = "Pods-MovieDB-Viper.release.xcconfig"; path = "Target Support Files/Pods-MovieDB-Viper/Pods-MovieDB-Viper.release.xcconfig"; sourceTree = "<group>"; };
		35DB718D84F0D5479B589362 /* Pods-MovieDB-Viper-MovieDB-Viper.release.xcconfig */ = {isa = PBXFileReference; includeInIndex = 1; lastKnownFileType = text.xcconfig; name = "Pods-MovieDB-Viper-MovieDB-Viper.release.xcconfig"; path = "Target Support Files/Pods-MovieDB-Viper-MovieDB-Viper/Pods-MovieDB-Viper-MovieDB-Viper.release.xcconfig"; sourceTree = "<group>"; };
		7458F2E11FC12E03389EA1DC /* Pods-MovieDB-Viper-MovieDB-Viper.debug.xcconfig */ = {isa = PBXFileReference; includeInIndex = 1; lastKnownFileType = text.xcconfig; name = "Pods-MovieDB-Viper-MovieDB-Viper.debug.xcconfig"; path = "Target Support Files/Pods-MovieDB-Viper-MovieDB-Viper/Pods-MovieDB-Viper-MovieDB-Viper.debug.xcconfig"; sourceTree = "<group>"; };
		83813FECDD340B4B9FB9EE23 /* Pods-MovieDB-Viper.debug.xcconfig */ = {isa = PBXFileReference; includeInIndex = 1; lastKnownFileType = text.xcconfig; name = "Pods-MovieDB-Viper.debug.xcconfig"; path = "Target Support Files/Pods-MovieDB-Viper/Pods-MovieDB-Viper.debug.xcconfig"; sourceTree = "<group>"; };
		AC8B106FA16D6FE5E8179D83 /* Pods_MovieDB_Viper_MovieDB_Viper.framework */ = {isa = PBXFileReference; explicitFileType = wrapper.framework; includeInIndex = 0; path = Pods_MovieDB_Viper_MovieDB_Viper.framework; sourceTree = BUILT_PRODUCTS_DIR; };
		EA48412F290F6827002DB416 /* MovieDB-Viper.app */ = {isa = PBXFileReference; explicitFileType = wrapper.application; includeInIndex = 0; path = "MovieDB-Viper.app"; sourceTree = BUILT_PRODUCTS_DIR; };
		EA484132290F6827002DB416 /* AppDelegate.swift */ = {isa = PBXFileReference; lastKnownFileType = sourcecode.swift; path = AppDelegate.swift; sourceTree = "<group>"; };
		EA484134290F6827002DB416 /* SceneDelegate.swift */ = {isa = PBXFileReference; lastKnownFileType = sourcecode.swift; path = SceneDelegate.swift; sourceTree = "<group>"; };
		EA48413B290F6829002DB416 /* Assets.xcassets */ = {isa = PBXFileReference; lastKnownFileType = folder.assetcatalog; path = Assets.xcassets; sourceTree = "<group>"; };
		EA48413E290F6829002DB416 /* Base */ = {isa = PBXFileReference; lastKnownFileType = file.storyboard; name = Base; path = Base.lproj/LaunchScreen.storyboard; sourceTree = "<group>"; };
		EA484140290F6829002DB416 /* Info.plist */ = {isa = PBXFileReference; lastKnownFileType = text.plist.xml; path = Info.plist; sourceTree = "<group>"; };
		EA48416E290F6A2D002DB416 /* Components.framework */ = {isa = PBXFileReference; explicitFileType = wrapper.framework; path = Components.framework; sourceTree = BUILT_PRODUCTS_DIR; };
		EA484172290F6A30002DB416 /* Router.framework */ = {isa = PBXFileReference; explicitFileType = wrapper.framework; path = Router.framework; sourceTree = BUILT_PRODUCTS_DIR; };
		EA4841C1290F6C98002DB416 /* Home.framework */ = {isa = PBXFileReference; explicitFileType = wrapper.framework; path = Home.framework; sourceTree = BUILT_PRODUCTS_DIR; };
		EA4841C6290F6D05002DB416 /* UITabBarController.swift */ = {isa = PBXFileReference; lastKnownFileType = sourcecode.swift; path = UITabBarController.swift; sourceTree = "<group>"; };
		EA4841C9290F6D37002DB416 /* SceneDelegateExtension.swift */ = {isa = PBXFileReference; lastKnownFileType = sourcecode.swift; path = SceneDelegateExtension.swift; sourceTree = "<group>"; };
		EA4841D1290F6E9D002DB416 /* Home.framework */ = {isa = PBXFileReference; explicitFileType = wrapper.framework; path = Home.framework; sourceTree = BUILT_PRODUCTS_DIR; };
/* End PBXFileReference section */

/* Begin PBXFrameworksBuildPhase section */
		EA48412C290F6827002DB416 /* Frameworks */ = {
			isa = PBXFrameworksBuildPhase;
			buildActionMask = 2147483647;
			files = (
				EA48416F290F6A2D002DB416 /* Components.framework in Frameworks */,
				EA484173290F6A30002DB416 /* Router.framework in Frameworks */,
				EA4841D2290F6E9D002DB416 /* Home.framework in Frameworks */,
				EA4841C2290F6C98002DB416 /* Home.framework in Frameworks */,
				C6B55598B98FCC5DFAF7931F /* Pods_MovieDB_Viper_MovieDB_Viper.framework in Frameworks */,
			);
			runOnlyForDeploymentPostprocessing = 0;
		};
/* End PBXFrameworksBuildPhase section */

/* Begin PBXGroup section */
		AFA4C32E09E19F102237A327 /* Frameworks */ = {
			isa = PBXGroup;
			children = (
				EA4841D1290F6E9D002DB416 /* Home.framework */,
				EA4841C1290F6C98002DB416 /* Home.framework */,
				EA484172290F6A30002DB416 /* Router.framework */,
				EA48416E290F6A2D002DB416 /* Components.framework */,
				AC8B106FA16D6FE5E8179D83 /* Pods_MovieDB_Viper_MovieDB_Viper.framework */,
			);
			name = Frameworks;
			sourceTree = "<group>";
		};
		BEE4E0670F88DED826E0A7F3 /* Pods */ = {
			isa = PBXGroup;
			children = (
				83813FECDD340B4B9FB9EE23 /* Pods-MovieDB-Viper.debug.xcconfig */,
				1F191B12CF245B12EA24831A /* Pods-MovieDB-Viper.release.xcconfig */,
				7458F2E11FC12E03389EA1DC /* Pods-MovieDB-Viper-MovieDB-Viper.debug.xcconfig */,
				35DB718D84F0D5479B589362 /* Pods-MovieDB-Viper-MovieDB-Viper.release.xcconfig */,
			);
			path = Pods;
			sourceTree = "<group>";
		};
		EA484126290F6827002DB416 = {
			isa = PBXGroup;
			children = (
				EA484131290F6827002DB416 /* MovieDB-Viper */,
				EA484130290F6827002DB416 /* Products */,
				BEE4E0670F88DED826E0A7F3 /* Pods */,
				AFA4C32E09E19F102237A327 /* Frameworks */,
			);
			sourceTree = "<group>";
		};
		EA484130290F6827002DB416 /* Products */ = {
			isa = PBXGroup;
			children = (
				EA48412F290F6827002DB416 /* MovieDB-Viper.app */,
			);
			name = Products;
			sourceTree = "<group>";
		};
		EA484131290F6827002DB416 /* MovieDB-Viper */ = {
			isa = PBXGroup;
			children = (
				EA4841C8290F6D26002DB416 /* Extension */,
				EA4841C5290F6CEC002DB416 /* TabBar */,
				EA4841C4290F6CE3002DB416 /* Delegate */,
				EA48413B290F6829002DB416 /* Assets.xcassets */,
				EA48413D290F6829002DB416 /* LaunchScreen.storyboard */,
				EA484140290F6829002DB416 /* Info.plist */,
			);
			path = "MovieDB-Viper";
			sourceTree = "<group>";
		};
		EA4841C4290F6CE3002DB416 /* Delegate */ = {
			isa = PBXGroup;
			children = (
				EA484132290F6827002DB416 /* AppDelegate.swift */,
				EA484134290F6827002DB416 /* SceneDelegate.swift */,
			);
			path = Delegate;
			sourceTree = "<group>";
		};
		EA4841C5290F6CEC002DB416 /* TabBar */ = {
			isa = PBXGroup;
			children = (
				EA4841C6290F6D05002DB416 /* UITabBarController.swift */,
			);
			path = TabBar;
			sourceTree = "<group>";
		};
		EA4841C8290F6D26002DB416 /* Extension */ = {
			isa = PBXGroup;
			children = (
				EA4841C9290F6D37002DB416 /* SceneDelegateExtension.swift */,
			);
			path = Extension;
			sourceTree = "<group>";
		};
/* End PBXGroup section */

/* Begin PBXNativeTarget section */
		EA48412E290F6827002DB416 /* MovieDB-Viper */ = {
			isa = PBXNativeTarget;
			buildConfigurationList = EA484143290F6829002DB416 /* Build configuration list for PBXNativeTarget "MovieDB-Viper" */;
			buildPhases = (
				CDCCF311DD641840EF5B2AD0 /* [CP] Check Pods Manifest.lock */,
				EA48412B290F6827002DB416 /* Sources */,
				EA48412C290F6827002DB416 /* Frameworks */,
				EA48412D290F6827002DB416 /* Resources */,
				EA484171290F6A2D002DB416 /* Embed Frameworks */,
				1462539B909B1C4E1EEDF37A /* [CP] Embed Pods Frameworks */,
			);
			buildRules = (
			);
			dependencies = (
			);
			name = "MovieDB-Viper";
			productName = "MovieDB-Viper";
			productReference = EA48412F290F6827002DB416 /* MovieDB-Viper.app */;
			productType = "com.apple.product-type.application";
		};
/* End PBXNativeTarget section */

/* Begin PBXProject section */
		EA484127290F6827002DB416 /* Project object */ = {
			isa = PBXProject;
			attributes = {
				BuildIndependentTargetsInParallel = 1;
				LastSwiftUpdateCheck = 1320;
				LastUpgradeCheck = 1320;
				TargetAttributes = {
					EA48412E290F6827002DB416 = {
						CreatedOnToolsVersion = 13.2.1;
					};
				};
			};
			buildConfigurationList = EA48412A290F6827002DB416 /* Build configuration list for PBXProject "MovieDB-Viper" */;
			compatibilityVersion = "Xcode 13.0";
			developmentRegion = en;
			hasScannedForEncodings = 0;
			knownRegions = (
				en,
				Base,
			);
			mainGroup = EA484126290F6827002DB416;
			productRefGroup = EA484130290F6827002DB416 /* Products */;
			projectDirPath = "";
			projectRoot = "";
			targets = (
				EA48412E290F6827002DB416 /* MovieDB-Viper */,
			);
		};
/* End PBXProject section */

/* Begin PBXResourcesBuildPhase section */
		EA48412D290F6827002DB416 /* Resources */ = {
			isa = PBXResourcesBuildPhase;
			buildActionMask = 2147483647;
			files = (
				EA48413F290F6829002DB416 /* LaunchScreen.storyboard in Resources */,
				EA48413C290F6829002DB416 /* Assets.xcassets in Resources */,
			);
			runOnlyForDeploymentPostprocessing = 0;
		};
/* End PBXResourcesBuildPhase section */

/* Begin PBXShellScriptBuildPhase section */
		1462539B909B1C4E1EEDF37A /* [CP] Embed Pods Frameworks */ = {
			isa = PBXShellScriptBuildPhase;
			buildActionMask = 2147483647;
			files = (
			);
			inputFileListPaths = (
				"${PODS_ROOT}/Target Support Files/Pods-MovieDB-Viper-MovieDB-Viper/Pods-MovieDB-Viper-MovieDB-Viper-frameworks-${CONFIGURATION}-input-files.xcfilelist",
			);
			name = "[CP] Embed Pods Frameworks";
			outputFileListPaths = (
				"${PODS_ROOT}/Target Support Files/Pods-MovieDB-Viper-MovieDB-Viper/Pods-MovieDB-Viper-MovieDB-Viper-frameworks-${CONFIGURATION}-output-files.xcfilelist",
			);
			runOnlyForDeploymentPostprocessing = 0;
			shellPath = /bin/sh;
			shellScript = "\"${PODS_ROOT}/Target Support Files/Pods-MovieDB-Viper-MovieDB-Viper/Pods-MovieDB-Viper-MovieDB-Viper-frameworks.sh\"\n";
			showEnvVarsInLog = 0;
		};
		CDCCF311DD641840EF5B2AD0 /* [CP] Check Pods Manifest.lock */ = {
			isa = PBXShellScriptBuildPhase;
			buildActionMask = 2147483647;
			files = (
			);
			inputFileListPaths = (
			);
			inputPaths = (
				"${PODS_PODFILE_DIR_PATH}/Podfile.lock",
				"${PODS_ROOT}/Manifest.lock",
			);
			name = "[CP] Check Pods Manifest.lock";
			outputFileListPaths = (
			);
			outputPaths = (
				"$(DERIVED_FILE_DIR)/Pods-MovieDB-Viper-MovieDB-Viper-checkManifestLockResult.txt",
			);
			runOnlyForDeploymentPostprocessing = 0;
			shellPath = /bin/sh;
			shellScript = "diff \"${PODS_PODFILE_DIR_PATH}/Podfile.lock\" \"${PODS_ROOT}/Manifest.lock\" > /dev/null\nif [ $? != 0 ] ; then\n    # print error to STDERR\n    echo \"error: The sandbox is not in sync with the Podfile.lock. Run 'pod install' or update your CocoaPods installation.\" >&2\n    exit 1\nfi\n# This output is used by Xcode 'outputs' to avoid re-running this script phase.\necho \"SUCCESS\" > \"${SCRIPT_OUTPUT_FILE_0}\"\n";
			showEnvVarsInLog = 0;
		};
/* End PBXShellScriptBuildPhase section */

/* Begin PBXSourcesBuildPhase section */
		EA48412B290F6827002DB416 /* Sources */ = {
			isa = PBXSourcesBuildPhase;
			buildActionMask = 2147483647;
			files = (
				EA484133290F6827002DB416 /* AppDelegate.swift in Sources */,
				EA4841CA290F6D37002DB416 /* SceneDelegateExtension.swift in Sources */,
				EA4841C7290F6D05002DB416 /* UITabBarController.swift in Sources */,
				EA484135290F6827002DB416 /* SceneDelegate.swift in Sources */,
			);
			runOnlyForDeploymentPostprocessing = 0;
		};
/* End PBXSourcesBuildPhase section */

/* Begin PBXVariantGroup section */
		EA48413D290F6829002DB416 /* LaunchScreen.storyboard */ = {
			isa = PBXVariantGroup;
			children = (
				EA48413E290F6829002DB416 /* Base */,
			);
			name = LaunchScreen.storyboard;
			sourceTree = "<group>";
		};
/* End PBXVariantGroup section */

/* Begin XCBuildConfiguration section */
		EA484141290F6829002DB416 /* Debug */ = {
			isa = XCBuildConfiguration;
			buildSettings = {
				ALWAYS_SEARCH_USER_PATHS = NO;
				CLANG_ANALYZER_NONNULL = YES;
				CLANG_ANALYZER_NUMBER_OBJECT_CONVERSION = YES_AGGRESSIVE;
				CLANG_CXX_LANGUAGE_STANDARD = "gnu++17";
				CLANG_CXX_LIBRARY = "libc++";
				CLANG_ENABLE_MODULES = YES;
				CLANG_ENABLE_OBJC_ARC = YES;
				CLANG_ENABLE_OBJC_WEAK = YES;
				CLANG_WARN_BLOCK_CAPTURE_AUTORELEASING = YES;
				CLANG_WARN_BOOL_CONVERSION = YES;
				CLANG_WARN_COMMA = YES;
				CLANG_WARN_CONSTANT_CONVERSION = YES;
				CLANG_WARN_DEPRECATED_OBJC_IMPLEMENTATIONS = YES;
				CLANG_WARN_DIRECT_OBJC_ISA_USAGE = YES_ERROR;
				CLANG_WARN_DOCUMENTATION_COMMENTS = YES;
				CLANG_WARN_EMPTY_BODY = YES;
				CLANG_WARN_ENUM_CONVERSION = YES;
				CLANG_WARN_INFINITE_RECURSION = YES;
				CLANG_WARN_INT_CONVERSION = YES;
				CLANG_WARN_NON_LITERAL_NULL_CONVERSION = YES;
				CLANG_WARN_OBJC_IMPLICIT_RETAIN_SELF = YES;
				CLANG_WARN_OBJC_LITERAL_CONVERSION = YES;
				CLANG_WARN_OBJC_ROOT_CLASS = YES_ERROR;
				CLANG_WARN_QUOTED_INCLUDE_IN_FRAMEWORK_HEADER = YES;
				CLANG_WARN_RANGE_LOOP_ANALYSIS = YES;
				CLANG_WARN_STRICT_PROTOTYPES = YES;
				CLANG_WARN_SUSPICIOUS_MOVE = YES;
				CLANG_WARN_UNGUARDED_AVAILABILITY = YES_AGGRESSIVE;
				CLANG_WARN_UNREACHABLE_CODE = YES;
				CLANG_WARN__DUPLICATE_METHOD_MATCH = YES;
				COPY_PHASE_STRIP = NO;
				DEBUG_INFORMATION_FORMAT = dwarf;
				ENABLE_STRICT_OBJC_MSGSEND = YES;
				ENABLE_TESTABILITY = YES;
				GCC_C_LANGUAGE_STANDARD = gnu11;
				GCC_DYNAMIC_NO_PIC = NO;
				GCC_NO_COMMON_BLOCKS = YES;
				GCC_OPTIMIZATION_LEVEL = 0;
				GCC_PREPROCESSOR_DEFINITIONS = (
					"DEBUG=1",
					"$(inherited)",
				);
				GCC_WARN_64_TO_32_BIT_CONVERSION = YES;
				GCC_WARN_ABOUT_RETURN_TYPE = YES_ERROR;
				GCC_WARN_UNDECLARED_SELECTOR = YES;
				GCC_WARN_UNINITIALIZED_AUTOS = YES_AGGRESSIVE;
				GCC_WARN_UNUSED_FUNCTION = YES;
				GCC_WARN_UNUSED_VARIABLE = YES;
				IPHONEOS_DEPLOYMENT_TARGET = 15.2;
				MTL_ENABLE_DEBUG_INFO = INCLUDE_SOURCE;
				MTL_FAST_MATH = YES;
				ONLY_ACTIVE_ARCH = YES;
				SDKROOT = iphoneos;
				SWIFT_ACTIVE_COMPILATION_CONDITIONS = DEBUG;
				SWIFT_OPTIMIZATION_LEVEL = "-Onone";
			};
			name = Debug;
		};
		EA484142290F6829002DB416 /* Release */ = {
			isa = XCBuildConfiguration;
			buildSettings = {
				ALWAYS_SEARCH_USER_PATHS = NO;
				CLANG_ANALYZER_NONNULL = YES;
				CLANG_ANALYZER_NUMBER_OBJECT_CONVERSION = YES_AGGRESSIVE;
				CLANG_CXX_LANGUAGE_STANDARD = "gnu++17";
				CLANG_CXX_LIBRARY = "libc++";
				CLANG_ENABLE_MODULES = YES;
				CLANG_ENABLE_OBJC_ARC = YES;
				CLANG_ENABLE_OBJC_WEAK = YES;
				CLANG_WARN_BLOCK_CAPTURE_AUTORELEASING = YES;
				CLANG_WARN_BOOL_CONVERSION = YES;
				CLANG_WARN_COMMA = YES;
				CLANG_WARN_CONSTANT_CONVERSION = YES;
				CLANG_WARN_DEPRECATED_OBJC_IMPLEMENTATIONS = YES;
				CLANG_WARN_DIRECT_OBJC_ISA_USAGE = YES_ERROR;
				CLANG_WARN_DOCUMENTATION_COMMENTS = YES;
				CLANG_WARN_EMPTY_BODY = YES;
				CLANG_WARN_ENUM_CONVERSION = YES;
				CLANG_WARN_INFINITE_RECURSION = YES;
				CLANG_WARN_INT_CONVERSION = YES;
				CLANG_WARN_NON_LITERAL_NULL_CONVERSION = YES;
				CLANG_WARN_OBJC_IMPLICIT_RETAIN_SELF = YES;
				CLANG_WARN_OBJC_LITERAL_CONVERSION = YES;
				CLANG_WARN_OBJC_ROOT_CLASS = YES_ERROR;
				CLANG_WARN_QUOTED_INCLUDE_IN_FRAMEWORK_HEADER = YES;
				CLANG_WARN_RANGE_LOOP_ANALYSIS = YES;
				CLANG_WARN_STRICT_PROTOTYPES = YES;
				CLANG_WARN_SUSPICIOUS_MOVE = YES;
				CLANG_WARN_UNGUARDED_AVAILABILITY = YES_AGGRESSIVE;
				CLANG_WARN_UNREACHABLE_CODE = YES;
				CLANG_WARN__DUPLICATE_METHOD_MATCH = YES;
				COPY_PHASE_STRIP = NO;
				DEBUG_INFORMATION_FORMAT = "dwarf-with-dsym";
				ENABLE_NS_ASSERTIONS = NO;
				ENABLE_STRICT_OBJC_MSGSEND = YES;
				GCC_C_LANGUAGE_STANDARD = gnu11;
				GCC_NO_COMMON_BLOCKS = YES;
				GCC_WARN_64_TO_32_BIT_CONVERSION = YES;
				GCC_WARN_ABOUT_RETURN_TYPE = YES_ERROR;
				GCC_WARN_UNDECLARED_SELECTOR = YES;
				GCC_WARN_UNINITIALIZED_AUTOS = YES_AGGRESSIVE;
				GCC_WARN_UNUSED_FUNCTION = YES;
				GCC_WARN_UNUSED_VARIABLE = YES;
				IPHONEOS_DEPLOYMENT_TARGET = 15.2;
				MTL_ENABLE_DEBUG_INFO = NO;
				MTL_FAST_MATH = YES;
				SDKROOT = iphoneos;
				SWIFT_COMPILATION_MODE = wholemodule;
				SWIFT_OPTIMIZATION_LEVEL = "-O";
				VALIDATE_PRODUCT = YES;
			};
			name = Release;
		};
		EA484144290F6829002DB416 /* Debug */ = {
			isa = XCBuildConfiguration;
			baseConfigurationReference = 7458F2E11FC12E03389EA1DC /* Pods-MovieDB-Viper-MovieDB-Viper.debug.xcconfig */;
			buildSettings = {
				ASSETCATALOG_COMPILER_APPICON_NAME = AppIcon;
				ASSETCATALOG_COMPILER_GLOBAL_ACCENT_COLOR_NAME = AccentColor;
				CODE_SIGN_STYLE = Automatic;
				CURRENT_PROJECT_VERSION = 1;
				GENERATE_INFOPLIST_FILE = YES;
				INFOPLIST_FILE = "MovieDB-Viper/Info.plist";
				INFOPLIST_KEY_UIApplicationSupportsIndirectInputEvents = YES;
				INFOPLIST_KEY_UILaunchStoryboardName = LaunchScreen;
				INFOPLIST_KEY_UISupportedInterfaceOrientations_iPad = "UIInterfaceOrientationPortrait UIInterfaceOrientationPortraitUpsideDown UIInterfaceOrientationLandscapeLeft UIInterfaceOrientationLandscapeRight";
				INFOPLIST_KEY_UISupportedInterfaceOrientations_iPhone = "UIInterfaceOrientationPortrait UIInterfaceOrientationLandscapeLeft UIInterfaceOrientationLandscapeRight";
				IPHONEOS_DEPLOYMENT_TARGET = 13.0;
				LD_RUNPATH_SEARCH_PATHS = (
					"$(inherited)",
					"@executable_path/Frameworks",
				);
				MARKETING_VERSION = 1.0;
				PRODUCT_BUNDLE_IDENTIFIER = "com.personal.MovieDB-Viper";
				PRODUCT_NAME = "$(TARGET_NAME)";
				SWIFT_EMIT_LOC_STRINGS = YES;
				SWIFT_VERSION = 5.0;
				TARGETED_DEVICE_FAMILY = "1,2";
			};
			name = Debug;
		};
		EA484145290F6829002DB416 /* Release */ = {
			isa = XCBuildConfiguration;
			baseConfigurationReference = 35DB718D84F0D5479B589362 /* Pods-MovieDB-Viper-MovieDB-Viper.release.xcconfig */;
			buildSettings = {
				ASSETCATALOG_COMPILER_APPICON_NAME = AppIcon;
				ASSETCATALOG_COMPILER_GLOBAL_ACCENT_COLOR_NAME = AccentColor;
				CODE_SIGN_STYLE = Automatic;
				CURRENT_PROJECT_VERSION = 1;
				GENERATE_INFOPLIST_FILE = YES;
				INFOPLIST_FILE = "MovieDB-Viper/Info.plist";
				INFOPLIST_KEY_UIApplicationSupportsIndirectInputEvents = YES;
				INFOPLIST_KEY_UILaunchStoryboardName = LaunchScreen;
				INFOPLIST_KEY_UISupportedInterfaceOrientations_iPad = "UIInterfaceOrientationPortrait UIInterfaceOrientationPortraitUpsideDown UIInterfaceOrientationLandscapeLeft UIInterfaceOrientationLandscapeRight";
				INFOPLIST_KEY_UISupportedInterfaceOrientations_iPhone = "UIInterfaceOrientationPortrait UIInterfaceOrientationLandscapeLeft UIInterfaceOrientationLandscapeRight";
				IPHONEOS_DEPLOYMENT_TARGET = 13.0;
				LD_RUNPATH_SEARCH_PATHS = (
					"$(inherited)",
					"@executable_path/Frameworks",
				);
				MARKETING_VERSION = 1.0;
				PRODUCT_BUNDLE_IDENTIFIER = "com.personal.MovieDB-Viper";
				PRODUCT_NAME = "$(TARGET_NAME)";
				SWIFT_EMIT_LOC_STRINGS = YES;
				SWIFT_VERSION = 5.0;
				TARGETED_DEVICE_FAMILY = "1,2";
			};
			name = Release;
		};
/* End XCBuildConfiguration section */

/* Begin XCConfigurationList section */
		EA48412A290F6827002DB416 /* Build configuration list for PBXProject "MovieDB-Viper" */ = {
			isa = XCConfigurationList;
			buildConfigurations = (
				EA484141290F6829002DB416 /* Debug */,
				EA484142290F6829002DB416 /* Release */,
			);
			defaultConfigurationIsVisible = 0;
			defaultConfigurationName = Release;
		};
		EA484143290F6829002DB416 /* Build configuration list for PBXNativeTarget "MovieDB-Viper" */ = {
			isa = XCConfigurationList;
			buildConfigurations = (
				EA484144290F6829002DB416 /* Debug */,
				EA484145290F6829002DB416 /* Release */,
			);
			defaultConfigurationIsVisible = 0;
			defaultConfigurationName = Release;
		};
/* End XCConfigurationList section */
	};
	rootObject = EA484127290F6827002DB416 /* Project object */;
}
