PODS:
  - Alamofire (5.6.2)
  - Declayout (1.3.0)
  - SwiftLint (0.49.1)
  - Toast-Swift (5.0.1)
  - YoutubeKit (0.7.0)

DEPENDENCIES:
  - Alamofire
  - Declayout
  - SwiftLint
  - Toast-Swift (~> 5.0.1)
  - YoutubeKit

SPEC REPOS:
  trunk:
    - Alamofire
    - Declayout
    - SwiftLint
    - Toast-Swift
    - YoutubeKit

SPEC CHECKSUMS:
  Alamofire: d368e1ff8a298e6dde360e35a3e68e6c610e7204
  Declayout: 24426cdeace1f83c25d1fc816dddffd49444e8f5
  SwiftLint: 32ee33ded0636d0905ef6911b2b67bbaeeedafa5
  Toast-Swift: 9b6a70f28b3bf0b96c40d46c0c4b9d6639846711
  YoutubeKit: 5cb09f2a58fc21c9cd7c7d8e694745e65e5e48da

PODFILE CHECKSUM: e3ce3d67b4f76098ee6210b4bf42b0feaab93540

COCOAPODS: 1.11.3
