// !$*UTF8*$!
{
	archiveVersion = 1;
	classes = {
	};
	objectVersion = 56;
	objects = {

/* Begin PBXBuildFile section */
		6723A2CBBC2CF81E68C1FE3F /* Pods_MovieDB_Viper_Networking.framework in Frameworks */ = {isa = PBXBuildFile; fileRef = 50EE42046123862B685B70A2 /* Pods_MovieDB_Viper_Networking.framework */; };
		F592C2392A11C57D00DDDD78 /* Networking.h in Headers */ = {isa = PBXBuildFile; fileRef = F592C2382A11C57D00DDDD78 /* Networking.h */; settings = {ATTRIBUTES = (Public, ); }; };
		F592C2402A11C5AC00DDDD78 /* DataTransferService.swift in Sources */ = {isa = PBXBuildFile; fileRef = F592C23F2A11C5AC00DDDD78 /* DataTransferService.swift */; };
		F592C2422A11C5B600DDDD78 /* Endpoint.swift in Sources */ = {isa = PBXBuildFile; fileRef = F592C2412A11C5B600DDDD78 /* Endpoint.swift */; };
		F592C2442A11C5BC00DDDD78 /* NetworkConfig.swift in Sources */ = {isa = PBXBuildFile; fileRef = F592C2432A11C5BC00DDDD78 /* NetworkConfig.swift */; };
		F592C2462A11C5C200DDDD78 /* NetworkService.swift in Sources */ = {isa = PBXBuildFile; fileRef = F592C2452A11C5C200DDDD78 /* NetworkService.swift */; };
		F59FA8232A19B94A009D3BCA /* APIEndpoints.swift in Sources */ = {isa = PBXBuildFile; fileRef = F59FA8222A19B94A009D3BCA /* APIEndpoints.swift */; };
		F59FA8252A19B951009D3BCA /* APIDataTransferDI.swift in Sources */ = {isa = PBXBuildFile; fileRef = F59FA8242A19B951009D3BCA /* APIDataTransferDI.swift */; };
		F59FA8272A19B958009D3BCA /* AppConfiguration.swift in Sources */ = {isa = PBXBuildFile; fileRef = F59FA8262A19B958009D3BCA /* AppConfiguration.swift */; };
		F59FA8292A19B95E009D3BCA /* APIError.swift in Sources */ = {isa = PBXBuildFile; fileRef = F59FA8282A19B95E009D3BCA /* APIError.swift */; };
/* End PBXBuildFile section */

/* Begin PBXFileReference section */
		1E8A59F64EE7D60960A588CB /* Pods-MovieDB-Viper-Networking.release.xcconfig */ = {isa = PBXFileReference; includeInIndex = 1; lastKnownFileType = text.xcconfig; name = "Pods-MovieDB-Viper-Networking.release.xcconfig"; path = "Target Support Files/Pods-MovieDB-Viper-Networking/Pods-MovieDB-Viper-Networking.release.xcconfig"; sourceTree = "<group>"; };
		50EE42046123862B685B70A2 /* Pods_MovieDB_Viper_Networking.framework */ = {isa = PBXFileReference; explicitFileType = wrapper.framework; includeInIndex = 0; path = Pods_MovieDB_Viper_Networking.framework; sourceTree = BUILT_PRODUCTS_DIR; };
		9FBD005D174D30C2C700BFCB /* Pods-MovieDB-Viper-Networking.debug.xcconfig */ = {isa = PBXFileReference; includeInIndex = 1; lastKnownFileType = text.xcconfig; name = "Pods-MovieDB-Viper-Networking.debug.xcconfig"; path = "Target Support Files/Pods-MovieDB-Viper-Networking/Pods-MovieDB-Viper-Networking.debug.xcconfig"; sourceTree = "<group>"; };
		F592C2352A11C57D00DDDD78 /* Networking.framework */ = {isa = PBXFileReference; explicitFileType = wrapper.framework; includeInIndex = 0; path = Networking.framework; sourceTree = BUILT_PRODUCTS_DIR; };
		F592C2382A11C57D00DDDD78 /* Networking.h */ = {isa = PBXFileReference; lastKnownFileType = sourcecode.c.h; path = Networking.h; sourceTree = "<group>"; };
		F592C23F2A11C5AC00DDDD78 /* DataTransferService.swift */ = {isa = PBXFileReference; lastKnownFileType = sourcecode.swift; path = DataTransferService.swift; sourceTree = "<group>"; };
		F592C2412A11C5B600DDDD78 /* Endpoint.swift */ = {isa = PBXFileReference; lastKnownFileType = sourcecode.swift; path = Endpoint.swift; sourceTree = "<group>"; };
		F592C2432A11C5BC00DDDD78 /* NetworkConfig.swift */ = {isa = PBXFileReference; lastKnownFileType = sourcecode.swift; path = NetworkConfig.swift; sourceTree = "<group>"; };
		F592C2452A11C5C200DDDD78 /* NetworkService.swift */ = {isa = PBXFileReference; lastKnownFileType = sourcecode.swift; path = NetworkService.swift; sourceTree = "<group>"; };
		F59FA8222A19B94A009D3BCA /* APIEndpoints.swift */ = {isa = PBXFileReference; lastKnownFileType = sourcecode.swift; path = APIEndpoints.swift; sourceTree = "<group>"; };
		F59FA8242A19B951009D3BCA /* APIDataTransferDI.swift */ = {isa = PBXFileReference; lastKnownFileType = sourcecode.swift; path = APIDataTransferDI.swift; sourceTree = "<group>"; };
		F59FA8262A19B958009D3BCA /* AppConfiguration.swift */ = {isa = PBXFileReference; lastKnownFileType = sourcecode.swift; path = AppConfiguration.swift; sourceTree = "<group>"; };
		F59FA8282A19B95E009D3BCA /* APIError.swift */ = {isa = PBXFileReference; lastKnownFileType = sourcecode.swift; path = APIError.swift; sourceTree = "<group>"; };
/* End PBXFileReference section */

/* Begin PBXFrameworksBuildPhase section */
		F592C2322A11C57D00DDDD78 /* Frameworks */ = {
			isa = PBXFrameworksBuildPhase;
			buildActionMask = 2147483647;
			files = (
				6723A2CBBC2CF81E68C1FE3F /* Pods_MovieDB_Viper_Networking.framework in Frameworks */,
			);
			runOnlyForDeploymentPostprocessing = 0;
		};
/* End PBXFrameworksBuildPhase section */

/* Begin PBXGroup section */
		98BDB345547626BFAC229386 /* Frameworks */ = {
			isa = PBXGroup;
			children = (
				50EE42046123862B685B70A2 /* Pods_MovieDB_Viper_Networking.framework */,
			);
			name = Frameworks;
			sourceTree = "<group>";
		};
		E93D110A2541800C8534A869 /* Pods */ = {
			isa = PBXGroup;
			children = (
				9FBD005D174D30C2C700BFCB /* Pods-MovieDB-Viper-Networking.debug.xcconfig */,
				1E8A59F64EE7D60960A588CB /* Pods-MovieDB-Viper-Networking.release.xcconfig */,
			);
			name = Pods;
			path = ../Pods;
			sourceTree = "<group>";
		};
		F592C22B2A11C57D00DDDD78 = {
			isa = PBXGroup;
			children = (
				F592C2372A11C57D00DDDD78 /* Networking */,
				F592C2362A11C57D00DDDD78 /* Products */,
				E93D110A2541800C8534A869 /* Pods */,
				98BDB345547626BFAC229386 /* Frameworks */,
			);
			sourceTree = "<group>";
		};
		F592C2362A11C57D00DDDD78 /* Products */ = {
			isa = PBXGroup;
			children = (
				F592C2352A11C57D00DDDD78 /* Networking.framework */,
			);
			name = Products;
			sourceTree = "<group>";
		};
		F592C2372A11C57D00DDDD78 /* Networking */ = {
			isa = PBXGroup;
			children = (
				F592C2382A11C57D00DDDD78 /* Networking.h */,
				F592C23F2A11C5AC00DDDD78 /* DataTransferService.swift */,
				F592C2412A11C5B600DDDD78 /* Endpoint.swift */,
				F592C2432A11C5BC00DDDD78 /* NetworkConfig.swift */,
				F592C2452A11C5C200DDDD78 /* NetworkService.swift */,
				F59FA8222A19B94A009D3BCA /* APIEndpoints.swift */,
				F59FA8242A19B951009D3BCA /* APIDataTransferDI.swift */,
				F59FA8262A19B958009D3BCA /* AppConfiguration.swift */,
				F59FA8282A19B95E009D3BCA /* APIError.swift */,
			);
			path = Networking;
			sourceTree = "<group>";
		};
/* End PBXGroup section */

/* Begin PBXHeadersBuildPhase section */
		F592C2302A11C57D00DDDD78 /* Headers */ = {
			isa = PBXHeadersBuildPhase;
			buildActionMask = 2147483647;
			files = (
				F592C2392A11C57D00DDDD78 /* Networking.h in Headers */,
			);
			runOnlyForDeploymentPostprocessing = 0;
		};
/* End PBXHeadersBuildPhase section */

/* Begin PBXNativeTarget section */
		F592C2342A11C57D00DDDD78 /* Networking */ = {
			isa = PBXNativeTarget;
			buildConfigurationList = F592C23C2A11C57D00DDDD78 /* Build configuration list for PBXNativeTarget "Networking" */;
			buildPhases = (
				C9C3C437E9223C28269E4A69 /* [CP] Check Pods Manifest.lock */,
				F592C2302A11C57D00DDDD78 /* Headers */,
				F592C2312A11C57D00DDDD78 /* Sources */,
				F592C2322A11C57D00DDDD78 /* Frameworks */,
				F592C2332A11C57D00DDDD78 /* Resources */,
			);
			buildRules = (
			);
			dependencies = (
			);
			name = Networking;
			productName = Networking;
			productReference = F592C2352A11C57D00DDDD78 /* Networking.framework */;
			productType = "com.apple.product-type.framework";
		};
/* End PBXNativeTarget section */

/* Begin PBXProject section */
		F592C22C2A11C57D00DDDD78 /* Project object */ = {
			isa = PBXProject;
			attributes = {
				BuildIndependentTargetsInParallel = 1;
				LastUpgradeCheck = 1420;
				TargetAttributes = {
					F592C2342A11C57D00DDDD78 = {
						CreatedOnToolsVersion = 14.2;
						LastSwiftMigration = 1420;
					};
				};
			};
			buildConfigurationList = F592C22F2A11C57D00DDDD78 /* Build configuration list for PBXProject "Networking" */;
			compatibilityVersion = "Xcode 14.0";
			developmentRegion = en;
			hasScannedForEncodings = 0;
			knownRegions = (
				en,
				Base,
			);
			mainGroup = F592C22B2A11C57D00DDDD78;
			productRefGroup = F592C2362A11C57D00DDDD78 /* Products */;
			projectDirPath = "";
			projectRoot = "";
			targets = (
				F592C2342A11C57D00DDDD78 /* Networking */,
			);
		};
/* End PBXProject section */

/* Begin PBXResourcesBuildPhase section */
		F592C2332A11C57D00DDDD78 /* Resources */ = {
			isa = PBXResourcesBuildPhase;
			buildActionMask = 2147483647;
			files = (
			);
			runOnlyForDeploymentPostprocessing = 0;
		};
/* End PBXResourcesBuildPhase section */

/* Begin PBXShellScriptBuildPhase section */
		C9C3C437E9223C28269E4A69 /* [CP] Check Pods Manifest.lock */ = {
			isa = PBXShellScriptBuildPhase;
			buildActionMask = 2147483647;
			files = (
			);
			inputFileListPaths = (
			);
			inputPaths = (
				"${PODS_PODFILE_DIR_PATH}/Podfile.lock",
				"${PODS_ROOT}/Manifest.lock",
			);
			name = "[CP] Check Pods Manifest.lock";
			outputFileListPaths = (
			);
			outputPaths = (
				"$(DERIVED_FILE_DIR)/Pods-MovieDB-Viper-Networking-checkManifestLockResult.txt",
			);
			runOnlyForDeploymentPostprocessing = 0;
			shellPath = /bin/sh;
			shellScript = "diff \"${PODS_PODFILE_DIR_PATH}/Podfile.lock\" \"${PODS_ROOT}/Manifest.lock\" > /dev/null\nif [ $? != 0 ] ; then\n    # print error to STDERR\n    echo \"error: The sandbox is not in sync with the Podfile.lock. Run 'pod install' or update your CocoaPods installation.\" >&2\n    exit 1\nfi\n# This output is used by Xcode 'outputs' to avoid re-running this script phase.\necho \"SUCCESS\" > \"${SCRIPT_OUTPUT_FILE_0}\"\n";
			showEnvVarsInLog = 0;
		};
/* End PBXShellScriptBuildPhase section */

/* Begin PBXSourcesBuildPhase section */
		F592C2312A11C57D00DDDD78 /* Sources */ = {
			isa = PBXSourcesBuildPhase;
			buildActionMask = 2147483647;
			files = (
				F59FA8252A19B951009D3BCA /* APIDataTransferDI.swift in Sources */,
				F59FA8232A19B94A009D3BCA /* APIEndpoints.swift in Sources */,
				F592C2422A11C5B600DDDD78 /* Endpoint.swift in Sources */,
				F592C2402A11C5AC00DDDD78 /* DataTransferService.swift in Sources */,
				F592C2462A11C5C200DDDD78 /* NetworkService.swift in Sources */,
				F59FA8292A19B95E009D3BCA /* APIError.swift in Sources */,
				F59FA8272A19B958009D3BCA /* AppConfiguration.swift in Sources */,
				F592C2442A11C5BC00DDDD78 /* NetworkConfig.swift in Sources */,
			);
			runOnlyForDeploymentPostprocessing = 0;
		};
/* End PBXSourcesBuildPhase section */

/* Begin XCBuildConfiguration section */
		F592C23A2A11C57D00DDDD78 /* Debug */ = {
			isa = XCBuildConfiguration;
			buildSettings = {
				ALWAYS_SEARCH_USER_PATHS = NO;
				CLANG_ANALYZER_NONNULL = YES;
				CLANG_ANALYZER_NUMBER_OBJECT_CONVERSION = YES_AGGRESSIVE;
				CLANG_CXX_LANGUAGE_STANDARD = "gnu++20";
				CLANG_ENABLE_MODULES = YES;
				CLANG_ENABLE_OBJC_ARC = YES;
				CLANG_ENABLE_OBJC_WEAK = YES;
				CLANG_WARN_BLOCK_CAPTURE_AUTORELEASING = YES;
				CLANG_WARN_BOOL_CONVERSION = YES;
				CLANG_WARN_COMMA = YES;
				CLANG_WARN_CONSTANT_CONVERSION = YES;
				CLANG_WARN_DEPRECATED_OBJC_IMPLEMENTATIONS = YES;
				CLANG_WARN_DIRECT_OBJC_ISA_USAGE = YES_ERROR;
				CLANG_WARN_DOCUMENTATION_COMMENTS = YES;
				CLANG_WARN_EMPTY_BODY = YES;
				CLANG_WARN_ENUM_CONVERSION = YES;
				CLANG_WARN_INFINITE_RECURSION = YES;
				CLANG_WARN_INT_CONVERSION = YES;
				CLANG_WARN_NON_LITERAL_NULL_CONVERSION = YES;
				CLANG_WARN_OBJC_IMPLICIT_RETAIN_SELF = YES;
				CLANG_WARN_OBJC_LITERAL_CONVERSION = YES;
				CLANG_WARN_OBJC_ROOT_CLASS = YES_ERROR;
				CLANG_WARN_QUOTED_INCLUDE_IN_FRAMEWORK_HEADER = YES;
				CLANG_WARN_RANGE_LOOP_ANALYSIS = YES;
				CLANG_WARN_STRICT_PROTOTYPES = YES;
				CLANG_WARN_SUSPICIOUS_MOVE = YES;
				CLANG_WARN_UNGUARDED_AVAILABILITY = YES_AGGRESSIVE;
				CLANG_WARN_UNREACHABLE_CODE = YES;
				CLANG_WARN__DUPLICATE_METHOD_MATCH = YES;
				COPY_PHASE_STRIP = NO;
				CURRENT_PROJECT_VERSION = 1;
				DEBUG_INFORMATION_FORMAT = dwarf;
				ENABLE_STRICT_OBJC_MSGSEND = YES;
				ENABLE_TESTABILITY = YES;
				GCC_C_LANGUAGE_STANDARD = gnu11;
				GCC_DYNAMIC_NO_PIC = NO;
				GCC_NO_COMMON_BLOCKS = YES;
				GCC_OPTIMIZATION_LEVEL = 0;
				GCC_PREPROCESSOR_DEFINITIONS = (
					"DEBUG=1",
					"$(inherited)",
				);
				GCC_WARN_64_TO_32_BIT_CONVERSION = YES;
				GCC_WARN_ABOUT_RETURN_TYPE = YES_ERROR;
				GCC_WARN_UNDECLARED_SELECTOR = YES;
				GCC_WARN_UNINITIALIZED_AUTOS = YES_AGGRESSIVE;
				GCC_WARN_UNUSED_FUNCTION = YES;
				GCC_WARN_UNUSED_VARIABLE = YES;
				IPHONEOS_DEPLOYMENT_TARGET = 13.0;
				MTL_ENABLE_DEBUG_INFO = INCLUDE_SOURCE;
				MTL_FAST_MATH = YES;
				ONLY_ACTIVE_ARCH = YES;
				SWIFT_ACTIVE_COMPILATION_CONDITIONS = DEBUG;
				SWIFT_OPTIMIZATION_LEVEL = "-Onone";
				VERSIONING_SYSTEM = "apple-generic";
				VERSION_INFO_PREFIX = "";
			};
			name = Debug;
		};
		F592C23B2A11C57D00DDDD78 /* Release */ = {
			isa = XCBuildConfiguration;
			buildSettings = {
				ALWAYS_SEARCH_USER_PATHS = NO;
				CLANG_ANALYZER_NONNULL = YES;
				CLANG_ANALYZER_NUMBER_OBJECT_CONVERSION = YES_AGGRESSIVE;
				CLANG_CXX_LANGUAGE_STANDARD = "gnu++20";
				CLANG_ENABLE_MODULES = YES;
				CLANG_ENABLE_OBJC_ARC = YES;
				CLANG_ENABLE_OBJC_WEAK = YES;
				CLANG_WARN_BLOCK_CAPTURE_AUTORELEASING = YES;
				CLANG_WARN_BOOL_CONVERSION = YES;
				CLANG_WARN_COMMA = YES;
				CLANG_WARN_CONSTANT_CONVERSION = YES;
				CLANG_WARN_DEPRECATED_OBJC_IMPLEMENTATIONS = YES;
				CLANG_WARN_DIRECT_OBJC_ISA_USAGE = YES_ERROR;
				CLANG_WARN_DOCUMENTATION_COMMENTS = YES;
				CLANG_WARN_EMPTY_BODY = YES;
				CLANG_WARN_ENUM_CONVERSION = YES;
				CLANG_WARN_INFINITE_RECURSION = YES;
				CLANG_WARN_INT_CONVERSION = YES;
				CLANG_WARN_NON_LITERAL_NULL_CONVERSION = YES;
				CLANG_WARN_OBJC_IMPLICIT_RETAIN_SELF = YES;
				CLANG_WARN_OBJC_LITERAL_CONVERSION = YES;
				CLANG_WARN_OBJC_ROOT_CLASS = YES_ERROR;
				CLANG_WARN_QUOTED_INCLUDE_IN_FRAMEWORK_HEADER = YES;
				CLANG_WARN_RANGE_LOOP_ANALYSIS = YES;
				CLANG_WARN_STRICT_PROTOTYPES = YES;
				CLANG_WARN_SUSPICIOUS_MOVE = YES;
				CLANG_WARN_UNGUARDED_AVAILABILITY = YES_AGGRESSIVE;
				CLANG_WARN_UNREACHABLE_CODE = YES;
				CLANG_WARN__DUPLICATE_METHOD_MATCH = YES;
				COPY_PHASE_STRIP = NO;
				CURRENT_PROJECT_VERSION = 1;
				DEBUG_INFORMATION_FORMAT = "dwarf-with-dsym";
				ENABLE_NS_ASSERTIONS = NO;
				ENABLE_STRICT_OBJC_MSGSEND = YES;
				GCC_C_LANGUAGE_STANDARD = gnu11;
				GCC_NO_COMMON_BLOCKS = YES;
				GCC_WARN_64_TO_32_BIT_CONVERSION = YES;
				GCC_WARN_ABOUT_RETURN_TYPE = YES_ERROR;
				GCC_WARN_UNDECLARED_SELECTOR = YES;
				GCC_WARN_UNINITIALIZED_AUTOS = YES_AGGRESSIVE;
				GCC_WARN_UNUSED_FUNCTION = YES;
				GCC_WARN_UNUSED_VARIABLE = YES;
				IPHONEOS_DEPLOYMENT_TARGET = 13.0;
				MTL_ENABLE_DEBUG_INFO = NO;
				MTL_FAST_MATH = YES;
				SWIFT_COMPILATION_MODE = wholemodule;
				SWIFT_OPTIMIZATION_LEVEL = "-O";
				VERSIONING_SYSTEM = "apple-generic";
				VERSION_INFO_PREFIX = "";
			};
			name = Release;
		};
		F592C23D2A11C57D00DDDD78 /* Debug */ = {
			isa = XCBuildConfiguration;
			baseConfigurationReference = 9FBD005D174D30C2C700BFCB /* Pods-MovieDB-Viper-Networking.debug.xcconfig */;
			buildSettings = {
				CLANG_ENABLE_MODULES = YES;
				CODE_SIGN_STYLE = Automatic;
				CURRENT_PROJECT_VERSION = 1;
				DEFINES_MODULE = YES;
				DEVELOPMENT_TEAM = YD9XNPTQUJ;
				DYLIB_COMPATIBILITY_VERSION = 1;
				DYLIB_CURRENT_VERSION = 1;
				DYLIB_INSTALL_NAME_BASE = "@rpath";
				GENERATE_INFOPLIST_FILE = YES;
				INFOPLIST_KEY_NSHumanReadableCopyright = "";
				INSTALL_PATH = "$(LOCAL_LIBRARY_DIR)/Frameworks";
				IPHONEOS_DEPLOYMENT_TARGET = 13.0;
				LD_RUNPATH_SEARCH_PATHS = (
					"@executable_path/Frameworks",
					"@loader_path/Frameworks",
				);
				"LD_RUNPATH_SEARCH_PATHS[sdk=macosx*]" = (
					"@executable_path/../Frameworks",
					"@loader_path/Frameworks",
				);
				MACOSX_DEPLOYMENT_TARGET = 13.1;
				MARKETING_VERSION = 1.0;
				PRODUCT_BUNDLE_IDENTIFIER = com.personal.Networking;
				PRODUCT_NAME = "$(TARGET_NAME:c99extidentifier)";
				SDKROOT = auto;
				SKIP_INSTALL = YES;
				SUPPORTED_PLATFORMS = "iphoneos iphonesimulator";
				SUPPORTS_MACCATALYST = NO;
				SUPPORTS_MAC_DESIGNED_FOR_IPHONE_IPAD = NO;
				SWIFT_EMIT_LOC_STRINGS = YES;
				SWIFT_OPTIMIZATION_LEVEL = "-Onone";
				SWIFT_VERSION = 5.0;
				TARGETED_DEVICE_FAMILY = "1,2";
			};
			name = Debug;
		};
		F592C23E2A11C57D00DDDD78 /* Release */ = {
			isa = XCBuildConfiguration;
			baseConfigurationReference = 1E8A59F64EE7D60960A588CB /* Pods-MovieDB-Viper-Networking.release.xcconfig */;
			buildSettings = {
				CLANG_ENABLE_MODULES = YES;
				CODE_SIGN_STYLE = Automatic;
				CURRENT_PROJECT_VERSION = 1;
				DEFINES_MODULE = YES;
				DEVELOPMENT_TEAM = YD9XNPTQUJ;
				DYLIB_COMPATIBILITY_VERSION = 1;
				DYLIB_CURRENT_VERSION = 1;
				DYLIB_INSTALL_NAME_BASE = "@rpath";
				GENERATE_INFOPLIST_FILE = YES;
				INFOPLIST_KEY_NSHumanReadableCopyright = "";
				INSTALL_PATH = "$(LOCAL_LIBRARY_DIR)/Frameworks";
				IPHONEOS_DEPLOYMENT_TARGET = 13.0;
				LD_RUNPATH_SEARCH_PATHS = (
					"@executable_path/Frameworks",
					"@loader_path/Frameworks",
				);
				"LD_RUNPATH_SEARCH_PATHS[sdk=macosx*]" = (
					"@executable_path/../Frameworks",
					"@loader_path/Frameworks",
				);
				MACOSX_DEPLOYMENT_TARGET = 13.1;
				MARKETING_VERSION = 1.0;
				PRODUCT_BUNDLE_IDENTIFIER = com.personal.Networking;
				PRODUCT_NAME = "$(TARGET_NAME:c99extidentifier)";
				SDKROOT = auto;
				SKIP_INSTALL = YES;
				SUPPORTED_PLATFORMS = "iphoneos iphonesimulator";
				SUPPORTS_MACCATALYST = NO;
				SUPPORTS_MAC_DESIGNED_FOR_IPHONE_IPAD = NO;
				SWIFT_EMIT_LOC_STRINGS = YES;
				SWIFT_VERSION = 5.0;
				TARGETED_DEVICE_FAMILY = "1,2";
			};
			name = Release;
		};
/* End XCBuildConfiguration section */

/* Begin XCConfigurationList section */
		F592C22F2A11C57D00DDDD78 /* Build configuration list for PBXProject "Networking" */ = {
			isa = XCConfigurationList;
			buildConfigurations = (
				F592C23A2A11C57D00DDDD78 /* Debug */,
				F592C23B2A11C57D00DDDD78 /* Release */,
			);
			defaultConfigurationIsVisible = 0;
			defaultConfigurationName = Release;
		};
		F592C23C2A11C57D00DDDD78 /* Build configuration list for PBXNativeTarget "Networking" */ = {
			isa = XCConfigurationList;
			buildConfigurations = (
				F592C23D2A11C57D00DDDD78 /* Debug */,
				F592C23E2A11C57D00DDDD78 /* Release */,
			);
			defaultConfigurationIsVisible = 0;
			defaultConfigurationName = Release;
		};
/* End XCConfigurationList section */
	};
	rootObject = F592C22C2A11C57D00DDDD78 /* Project object */;
}
